// !$*UTF8*$!
{
	archiveVersion = 1;
	classes = {
	};
	objectVersion = 46;
	objects = {

/* Begin PBXBuildFile section */
		1E1A030B1EDA2B4F0046CE40 /* settings.plist in Resources */ = {isa = PBXBuildFile; fileRef = 1E1A030A1EDA2B4F0046CE40 /* settings.plist */; };
		1E1A030D1EDA2C550046CE40 /* settings.swift in Sources */ = {isa = PBXBuildFile; fileRef = 1E1A030C1EDA2C550046CE40 /* settings.swift */; };
		1E1A030F1EDA33300046CE40 /* PeopleTableViewController.swift in Sources */ = {isa = PBXBuildFile; fileRef = 1E1A030E1EDA33300046CE40 /* PeopleTableViewController.swift */; };
		1E4C68A21EDB366C007BE94A /* GenreTableViewController.swift in Sources */ = {isa = PBXBuildFile; fileRef = 1E4C68A11EDB366C007BE94A /* GenreTableViewController.swift */; };
		1E4C68A41EDB4F43007BE94A /* PersonViewController.swift in Sources */ = {isa = PBXBuildFile; fileRef = 1E4C68A31EDB4F43007BE94A /* PersonViewController.swift */; };
		1E84AEA11EEC0DE400028C61 /* MoviesTableViewController.swift in Sources */ = {isa = PBXBuildFile; fileRef = 1E84AEA01EEC0DE400028C61 /* MoviesTableViewController.swift */; };
		1E84AEA31EEC102900028C61 /* MovieViewController.swift in Sources */ = {isa = PBXBuildFile; fileRef = 1E84AEA21EEC102900028C61 /* MovieViewController.swift */; };
		1EFCAED11ED9897800816BCB /* AppDelegate.swift in Sources */ = {isa = PBXBuildFile; fileRef = 1EFCAED01ED9897800816BCB /* AppDelegate.swift */; };
		1EFCAED81ED9897800816BCB /* Main.storyboard in Resources */ = {isa = PBXBuildFile; fileRef = 1EFCAED61ED9897800816BCB /* Main.storyboard */; };
		1EFCAEDA1ED9897800816BCB /* Assets.xcassets in Resources */ = {isa = PBXBuildFile; fileRef = 1EFCAED91ED9897800816BCB /* Assets.xcassets */; };
/* End PBXBuildFile section */

/* Begin PBXFileReference section */
		1E1A030A1EDA2B4F0046CE40 /* settings.plist */ = {isa = PBXFileReference; fileEncoding = 4; lastKnownFileType = text.plist.xml; path = settings.plist; sourceTree = "<group>"; };
		1E1A030C1EDA2C550046CE40 /* settings.swift */ = {isa = PBXFileReference; fileEncoding = 4; lastKnownFileType = sourcecode.swift; path = settings.swift; sourceTree = "<group>"; };
		1E1A030E1EDA33300046CE40 /* PeopleTableViewController.swift */ = {isa = PBXFileReference; fileEncoding = 4; lastKnownFileType = sourcecode.swift; path = PeopleTableViewController.swift; sourceTree = "<group>"; };
		1E4C68A11EDB366C007BE94A /* GenreTableViewController.swift */ = {isa = PBXFileReference; fileEncoding = 4; lastKnownFileType = sourcecode.swift; path = GenreTableViewController.swift; sourceTree = "<group>"; };
		1E4C68A31EDB4F43007BE94A /* PersonViewController.swift */ = {isa = PBXFileReference; fileEncoding = 4; lastKnownFileType = sourcecode.swift; path = PersonViewController.swift; sourceTree = "<group>"; };
		1E84AEA01EEC0DE400028C61 /* MoviesTableViewController.swift */ = {isa = PBXFileReference; fileEncoding = 4; lastKnownFileType = sourcecode.swift; path = MoviesTableViewController.swift; sourceTree = "<group>"; };
		1E84AEA21EEC102900028C61 /* MovieViewController.swift */ = {isa = PBXFileReference; fileEncoding = 4; lastKnownFileType = sourcecode.swift; path = MovieViewController.swift; sourceTree = "<group>"; };
		1EFCAECD1ED9897800816BCB /* Movies Library.app */ = {isa = PBXFileReference; explicitFileType = wrapper.application; includeInIndex = 0; path = "Movies Library.app"; sourceTree = BUILT_PRODUCTS_DIR; };
		1EFCAED01ED9897800816BCB /* AppDelegate.swift */ = {isa = PBXFileReference; lastKnownFileType = sourcecode.swift; path = AppDelegate.swift; sourceTree = "<group>"; };
		1EFCAED71ED9897800816BCB /* Base */ = {isa = PBXFileReference; lastKnownFileType = file.storyboard; name = Base; path = Base.lproj/Main.storyboard; sourceTree = "<group>"; };
		1EFCAED91ED9897800816BCB /* Assets.xcassets */ = {isa = PBXFileReference; lastKnownFileType = folder.assetcatalog; path = Assets.xcassets; sourceTree = "<group>"; };
		1EFCAEDE1ED9897800816BCB /* Info.plist */ = {isa = PBXFileReference; lastKnownFileType = text.plist.xml; path = Info.plist; sourceTree = "<group>"; };
/* End PBXFileReference section */

/* Begin PBXFrameworksBuildPhase section */
		1EFCAECA1ED9897800816BCB /* Frameworks */ = {
			isa = PBXFrameworksBuildPhase;
			buildActionMask = 2147483647;
			files = (
			);
			runOnlyForDeploymentPostprocessing = 0;
		};
/* End PBXFrameworksBuildPhase section */

/* Begin PBXGroup section */
		1EFCAEC41ED9897800816BCB = {
			isa = PBXGroup;
			children = (
				1EFCAECF1ED9897800816BCB /* Movies Library */,
				1EFCAECE1ED9897800816BCB /* Products */,
			);
			sourceTree = "<group>";
		};
		1EFCAECE1ED9897800816BCB /* Products */ = {
			isa = PBXGroup;
			children = (
				1EFCAECD1ED9897800816BCB /* Movies Library.app */,
			);
			name = Products;
			sourceTree = "<group>";
		};
		1EFCAECF1ED9897800816BCB /* Movies Library */ = {
			isa = PBXGroup;
			children = (
				1EFCAEDE1ED9897800816BCB /* Info.plist */,
				1E1A030A1EDA2B4F0046CE40 /* settings.plist */,
				1EFCAED01ED9897800816BCB /* AppDelegate.swift */,
				1E4C68A11EDB366C007BE94A /* GenreTableViewController.swift */,
				1E1A030E1EDA33300046CE40 /* PeopleTableViewController.swift */,
				1E84AEA01EEC0DE400028C61 /* MoviesTableViewController.swift */,
				1E4C68A31EDB4F43007BE94A /* PersonViewController.swift */,
				1E1A030C1EDA2C550046CE40 /* settings.swift */,
				1EFCAED91ED9897800816BCB /* Assets.xcassets */,
				1EFCAED61ED9897800816BCB /* Main.storyboard */,
				1E84AEA21EEC102900028C61 /* MovieViewController.swift */,
			);
			path = "Movies Library";
			sourceTree = "<group>";
		};
/* End PBXGroup section */

/* Begin PBXNativeTarget section */
		1EFCAECC1ED9897800816BCB /* Movies Library */ = {
			isa = PBXNativeTarget;
			buildConfigurationList = 1EFCAEE11ED9897800816BCB /* Build configuration list for PBXNativeTarget "Movies Library" */;
			buildPhases = (
				1EFCAEC91ED9897800816BCB /* Sources */,
				1EFCAECA1ED9897800816BCB /* Frameworks */,
				1EFCAECB1ED9897800816BCB /* Resources */,
			);
			buildRules = (
			);
			dependencies = (
			);
			name = "Movies Library";
			productName = "Movies Library";
			productReference = 1EFCAECD1ED9897800816BCB /* Movies Library.app */;
			productType = "com.apple.product-type.application";
		};
/* End PBXNativeTarget section */

/* Begin PBXProject section */
		1EFCAEC51ED9897800816BCB /* Project object */ = {
			isa = PBXProject;
			attributes = {
				LastSwiftUpdateCheck = 0830;
				LastUpgradeCheck = 0830;
				ORGANIZATIONNAME = pablovlf;
				TargetAttributes = {
					1EFCAECC1ED9897800816BCB = {
						CreatedOnToolsVersion = 8.3.2;
						DevelopmentTeam = 9SH5BV32YN;
						ProvisioningStyle = Automatic;
					};
				};
			};
			buildConfigurationList = 1EFCAEC81ED9897800816BCB /* Build configuration list for PBXProject "Movies Library" */;
			compatibilityVersion = "Xcode 3.2";
			developmentRegion = English;
			hasScannedForEncodings = 0;
			knownRegions = (
				en,
				Base,
			);
			mainGroup = 1EFCAEC41ED9897800816BCB;
			productRefGroup = 1EFCAECE1ED9897800816BCB /* Products */;
			projectDirPath = "";
			projectRoot = "";
			targets = (
				1EFCAECC1ED9897800816BCB /* Movies Library */,
			);
		};
/* End PBXProject section */

/* Begin PBXResourcesBuildPhase section */
		1EFCAECB1ED9897800816BCB /* Resources */ = {
			isa = PBXResourcesBuildPhase;
			buildActionMask = 2147483647;
			files = (
				1E1A030B1EDA2B4F0046CE40 /* settings.plist in Resources */,
				1EFCAEDA1ED9897800816BCB /* Assets.xcassets in Resources */,
				1EFCAED81ED9897800816BCB /* Main.storyboard in Resources */,
			);
			runOnlyForDeploymentPostprocessing = 0;
		};
/* End PBXResourcesBuildPhase section */

/* Begin PBXSourcesBuildPhase section */
		1EFCAEC91ED9897800816BCB /* Sources */ = {
			isa = PBXSourcesBuildPhase;
			buildActionMask = 2147483647;
			files = (
				1E4C68A41EDB4F43007BE94A /* PersonViewController.swift in Sources */,
				1E84AEA31EEC102900028C61 /* MovieViewController.swift in Sources */,
				1E84AEA11EEC0DE400028C61 /* MoviesTableViewController.swift in Sources */,
				1EFCAED11ED9897800816BCB /* AppDelegate.swift in Sources */,
				1E1A030D1EDA2C550046CE40 /* settings.swift in Sources */,
				1E1A030F1EDA33300046CE40 /* PeopleTableViewController.swift in Sources */,
				1E4C68A21EDB366C007BE94A /* GenreTableViewController.swift in Sources */,
			);
			runOnlyForDeploymentPostprocessing = 0;
		};
/* End PBXSourcesBuildPhase section */

/* Begin PBXVariantGroup section */
		1EFCAED61ED9897800816BCB /* Main.storyboard */ = {
			isa = PBXVariantGroup;
			children = (
				1EFCAED71ED9897800816BCB /* Base */,
			);
			name = Main.storyboard;
			sourceTree = "<group>";
		};
/* End PBXVariantGroup section */

/* Begin XCBuildConfiguration section */
		1EFCAEDF1ED9897800816BCB /* Debug */ = {
			isa = XCBuildConfiguration;
			buildSettings = {
				ALWAYS_SEARCH_USER_PATHS = NO;
				CLANG_ANALYZER_NONNULL = YES;
				CLANG_ANALYZER_NUMBER_OBJECT_CONVERSION = YES_AGGRESSIVE;
				CLANG_CXX_LANGUAGE_STANDARD = "gnu++0x";
				CLANG_CXX_LIBRARY = "libc++";
				CLANG_ENABLE_MODULES = YES;
				CLANG_ENABLE_OBJC_ARC = YES;
				CLANG_WARN_BOOL_CONVERSION = YES;
				CLANG_WARN_CONSTANT_CONVERSION = YES;
				CLANG_WARN_DIRECT_OBJC_ISA_USAGE = YES_ERROR;
				CLANG_WARN_DOCUMENTATION_COMMENTS = YES;
				CLANG_WARN_EMPTY_BODY = YES;
				CLANG_WARN_ENUM_CONVERSION = YES;
				CLANG_WARN_INFINITE_RECURSION = YES;
				CLANG_WARN_INT_CONVERSION = YES;
				CLANG_WARN_OBJC_ROOT_CLASS = YES_ERROR;
				CLANG_WARN_SUSPICIOUS_MOVE = YES;
				CLANG_WARN_UNREACHABLE_CODE = YES;
				CLANG_WARN__DUPLICATE_METHOD_MATCH = YES;
				"CODE_SIGN_IDENTITY[sdk=iphoneos*]" = "iPhone Developer";
				COPY_PHASE_STRIP = NO;
				DEBUG_INFORMATION_FORMAT = dwarf;
				ENABLE_STRICT_OBJC_MSGSEND = YES;
				ENABLE_TESTABILITY = YES;
				GCC_C_LANGUAGE_STANDARD = gnu99;
				GCC_DYNAMIC_NO_PIC = NO;
				GCC_NO_COMMON_BLOCKS = YES;
				GCC_OPTIMIZATION_LEVEL = 0;
				GCC_PREPROCESSOR_DEFINITIONS = (
					"DEBUG=1",
					"$(inherited)",
				);
				GCC_WARN_64_TO_32_BIT_CONVERSION = YES;
				GCC_WARN_ABOUT_RETURN_TYPE = YES_ERROR;
				GCC_WARN_UNDECLARED_SELECTOR = YES;
				GCC_WARN_UNINITIALIZED_AUTOS = YES_AGGRESSIVE;
				GCC_WARN_UNUSED_FUNCTION = YES;
				GCC_WARN_UNUSED_VARIABLE = YES;
				IPHONEOS_DEPLOYMENT_TARGET = 10.3;
				MTL_ENABLE_DEBUG_INFO = YES;
				ONLY_ACTIVE_ARCH = YES;
				SDKROOT = iphoneos;
				SWIFT_ACTIVE_COMPILATION_CONDITIONS = DEBUG;
				SWIFT_OPTIMIZATION_LEVEL = "-Onone";
				TARGETED_DEVICE_FAMILY = "1,2";
			};
			name = Debug;
		};
		1EFCAEE01ED9897800816BCB /* Release */ = {
			isa = XCBuildConfiguration;
			buildSettings = {
				ALWAYS_SEARCH_USER_PATHS = NO;
				CLANG_ANALYZER_NONNULL = YES;
				CLANG_ANALYZER_NUMBER_OBJECT_CONVERSION = YES_AGGRESSIVE;
				CLANG_CXX_LANGUAGE_STANDARD = "gnu++0x";
				CLANG_CXX_LIBRARY = "libc++";
				CLANG_ENABLE_MODULES = YES;
				CLANG_ENABLE_OBJC_ARC = YES;
				CLANG_WARN_BOOL_CONVERSION = YES;
				CLANG_WARN_CONSTANT_CONVERSION = YES;
				CLANG_WARN_DIRECT_OBJC_ISA_USAGE = YES_ERROR;
				CLANG_WARN_DOCUMENTATION_COMMENTS = YES;
				CLANG_WARN_EMPTY_BODY = YES;
				CLANG_WARN_ENUM_CONVERSION = YES;
				CLANG_WARN_INFINITE_RECURSION = YES;
				CLANG_WARN_INT_CONVERSION = YES;
				CLANG_WARN_OBJC_ROOT_CLASS = YES_ERROR;
				CLANG_WARN_SUSPICIOUS_MOVE = YES;
				CLANG_WARN_UNREACHABLE_CODE = YES;
				CLANG_WARN__DUPLICATE_METHOD_MATCH = YES;
				"CODE_SIGN_IDENTITY[sdk=iphoneos*]" = "iPhone Developer";
				COPY_PHASE_STRIP = NO;
				DEBUG_INFORMATION_FORMAT = "dwarf-with-dsym";
				ENABLE_NS_ASSERTIONS = NO;
				ENABLE_STRICT_OBJC_MSGSEND = YES;
				GCC_C_LANGUAGE_STANDARD = gnu99;
				GCC_NO_COMMON_BLOCKS = YES;
				GCC_WARN_64_TO_32_BIT_CONVERSION = YES;
				GCC_WARN_ABOUT_RETURN_TYPE = YES_ERROR;
				GCC_WARN_UNDECLARED_SELECTOR = YES;
				GCC_WARN_UNINITIALIZED_AUTOS = YES_AGGRESSIVE;
				GCC_WARN_UNUSED_FUNCTION = YES;
				GCC_WARN_UNUSED_VARIABLE = YES;
				IPHONEOS_DEPLOYMENT_TARGET = 10.3;
				MTL_ENABLE_DEBUG_INFO = NO;
				SDKROOT = iphoneos;
				SWIFT_OPTIMIZATION_LEVEL = "-Owholemodule";
				TARGETED_DEVICE_FAMILY = "1,2";
				VALIDATE_PRODUCT = YES;
			};
			name = Release;
		};
		1EFCAEE21ED9897800816BCB /* Debug */ = {
			isa = XCBuildConfiguration;
			buildSettings = {
				ASSETCATALOG_COMPILER_APPICON_NAME = AppIcon;
				ASSETCATALOG_COMPILER_LAUNCHIMAGE_NAME = LaunchImage;
				DEVELOPMENT_TEAM = 9SH5BV32YN;
				INFOPLIST_FILE = "Movies Library/Info.plist";
				IPHONEOS_DEPLOYMENT_TARGET = 9.3;
				LD_RUNPATH_SEARCH_PATHS = "$(inherited) @executable_path/Frameworks";
				PRODUCT_BUNDLE_IDENTIFIER = "com.pablovlf.Movies-Library";
				PRODUCT_NAME = "$(TARGET_NAME)";
				SWIFT_VERSION = 3.0;
				TARGETED_DEVICE_FAMILY = "1,2";
			};
			name = Debug;
		};
		1EFCAEE31ED9897800816BCB /* Release */ = {
			isa = XCBuildConfiguration;
			buildSettings = {
				ASSETCATALOG_COMPILER_APPICON_NAME = AppIcon;
				ASSETCATALOG_COMPILER_LAUNCHIMAGE_NAME = LaunchImage;
				DEVELOPMENT_TEAM = 9SH5BV32YN;
				INFOPLIST_FILE = "Movies Library/Info.plist";
				IPHONEOS_DEPLOYMENT_TARGET = 9.3;
				LD_RUNPATH_SEARCH_PATHS = "$(inherited) @executable_path/Frameworks";
				PRODUCT_BUNDLE_IDENTIFIER = "com.pablovlf.Movies-Library";
				PRODUCT_NAME = "$(TARGET_NAME)";
				SWIFT_VERSION = 3.0;
				TARGETED_DEVICE_FAMILY = "1,2";
			};
			name = Release;
		};
/* End XCBuildConfiguration section */

/* Begin XCConfigurationList section */
		1EFCAEC81ED9897800816BCB /* Build configuration list for PBXProject "Movies Library" */ = {
			isa = XCConfigurationList;
			buildConfigurations = (
				1EFCAEDF1ED9897800816BCB /* Debug */,
				1EFCAEE01ED9897800816BCB /* Release */,
			);
			defaultConfigurationIsVisible = 0;
			defaultConfigurationName = Release;
		};
		1EFCAEE11ED9897800816BCB /* Build configuration list for PBXNativeTarget "Movies Library" */ = {
			isa = XCConfigurationList;
			buildConfigurations = (
				1EFCAEE21ED9897800816BCB /* Debug */,
				1EFCAEE31ED9897800816BCB /* Release */,
			);
			defaultConfigurationIsVisible = 0;
			defaultConfigurationName = Release;
		};
/* End XCConfigurationList section */
	};
	rootObject = 1EFCAEC51ED9897800816BCB /* Project object */;
}
